{
  "name": "vue-template",
  "version": "0.1.0",
  "lockfileVersion": 1,
  "requires": true,
  "dependencies": {
    "balanced-match": {
      "version": "1.0.0",
      "resolved": "https://registry.npm.taobao.org/balanced-match/download/balanced-match-1.0.0.tgz",
      "integrity": "sha1-ibTRmasr7kneFk6gK4nORi1xt2c=",
      "dev": true
    },
    "brace-expansion": {
      "version": "1.1.11",
      "resolved": "https://registry.npm.taobao.org/brace-expansion/download/brace-expansion-1.1.11.tgz",
      "integrity": "sha1-PH/L9SnYcibz0vUrlm/1Jx60Qd0=",
      "dev": true,
      "requires": {
        "balanced-match": "^1.0.0",
        "concat-map": "0.0.1"
      }
    },
    "concat-map": {
      "version": "0.0.1",
      "resolved": "https://registry.npm.taobao.org/concat-map/download/concat-map-0.0.1.tgz",
      "integrity": "sha1-2Klr13/Wjfd5OnMDajug1UBdR3s=",
      "dev": true
    },
    "eslint-plugin-es": {
      "version": "3.0.1",
      "resolved": "https://registry.npm.taobao.org/eslint-plugin-es/download/eslint-plugin-es-3.0.1.tgz",
      "integrity": "sha1-dafN/czdwFiZNK7rOEF18iHFeJM=",
      "dev": true,
      "requires": {
        "eslint-utils": "^2.0.0",
        "regexpp": "^3.0.0"
      }
    },
    "eslint-plugin-node": {
      "version": "11.1.0",
      "resolved": "https://registry.npm.taobao.org/eslint-plugin-node/download/eslint-plugin-node-11.1.0.tgz",
      "integrity": "sha1-yVVEQW7kraJnQKMEdO78VALcZx0=",
      "dev": true,
      "requires": {
        "eslint-plugin-es": "^3.0.0",
        "eslint-utils": "^2.0.0",
        "ignore": "^5.1.1",
        "minimatch": "^3.0.4",
        "resolve": "^1.10.1",
        "semver": "^6.1.0"
      }
    },
    "eslint-plugin-promise": {
      "version": "4.2.1",
      "resolved": "https://registry.npm.taobao.org/eslint-plugin-promise/download/eslint-plugin-promise-4.2.1.tgz",
      "integrity": "sha1-hF/YsiYK2PglZMEiL85ErXHZQYo=",
      "dev": true
    },
    "eslint-utils": {
      "version": "2.1.0",
      "resolved": "https://registry.npm.taobao.org/eslint-utils/download/eslint-utils-2.1.0.tgz?cache=0&sync_timestamp=1592222029130&other_urls=https%3A%2F%2Fregistry.npm.taobao.org%2Feslint-utils%2Fdownload%2Feslint-utils-2.1.0.tgz",
      "integrity": "sha1-0t5eA0JOcH3BDHQGjd7a5wh0Gyc=",
      "dev": true,
      "requires": {
        "eslint-visitor-keys": "^1.1.0"
      }
    },
    "eslint-visitor-keys": {
      "version": "1.3.0",
      "resolved": "https://registry.npm.taobao.org/eslint-visitor-keys/download/eslint-visitor-keys-1.3.0.tgz?cache=0&sync_timestamp=1592583167448&other_urls=https%3A%2F%2Fregistry.npm.taobao.org%2Feslint-visitor-keys%2Fdownload%2Feslint-visitor-keys-1.3.0.tgz",
      "integrity": "sha1-MOvR73wv3/AcOk8VEESvJfqwUj4=",
      "dev": true
    },
    "ignore": {
      "version": "5.1.8",
      "resolved": "https://registry.npm.taobao.org/ignore/download/ignore-5.1.8.tgz",
      "integrity": "sha1-8VCotQo0KJsz4i9YiavU2AFvDlc=",
      "dev": true
    },
    "minimatch": {
      "version": "3.0.4",
      "resolved": "https://registry.npm.taobao.org/minimatch/download/minimatch-3.0.4.tgz",
      "integrity": "sha1-UWbihkV/AzBgZL5Ul+jbsMPTIIM=",
      "dev": true,
      "requires": {
        "brace-expansion": "^1.1.7"
      }
    },
    "path-parse": {
      "version": "1.0.6",
      "resolved": "https://registry.npm.taobao.org/path-parse/download/path-parse-1.0.6.tgz",
      "integrity": "sha1-1i27VnlAXXLEc37FhgDp3c8G0kw=",
      "dev": true
    },
    "regexpp": {
      "version": "3.1.0",
      "resolved": "https://registry.npm.taobao.org/regexpp/download/regexpp-3.1.0.tgz",
      "integrity": "sha1-IG0K0KVkjP+9uK5GQ489xRyfeOI=",
      "dev": true
    },
    "resolve": {
      "version": "1.17.0",
      "resolved": "https://registry.npm.taobao.org/resolve/download/resolve-1.17.0.tgz",
      "integrity": "sha1-sllBtUloIxzC0bt2p5y38sC/hEQ=",
      "dev": true,
      "requires": {
        "path-parse": "^1.0.6"
      }
    },
    "semver": {
      "version": "6.3.0",
      "resolved": "https://registry.npm.taobao.org/semver/download/semver-6.3.0.tgz",
      "integrity": "sha1-7gpkyK9ejO6mdoexM3YeG+y9HT0=",
      "dev": true
    }
  }
}
